
Microsoft Visual Studio Solution File, Format Version 12.00
# Visual Studio Version 16
VisualStudioVersion = 16.0.29306.81
MinimumVisualStudioVersion = 10.0.40219.1
Project("{FAE04EC0-301F-11D3-BF4B-00C04F79EFBC}") = "CSSerializeExample", "CSSerializeExample\CSSerializeExample.csproj", "{CE64AEFD-D7F2-40DF-8402-D09B6921A295}"
EndProject
Global
	GlobalSection(SolutionConfigurationPlatforms) = preSolution
		Debug|Any CPU = Debug|Any CPU
		Release|Any CPU = Release|Any CPU
	EndGlobalSection
	GlobalSection(ProjectConfigurationPlatforms) = postSolution
		{CE64AEFD-D7F2-40DF-8402-D09B6921A295}.Debug|Any CPU.ActiveCfg = Debug|Any CPU
		{CE64AEFD-D7F2-40DF-8402-D09B6921A295}.Debug|Any CPU.Build.0 = Debug|Any CPU
		{CE64AEFD-D7F2-40DF-8402-D09B6921A295}.Release|Any CPU.ActiveCfg = Release|Any CPU
		{CE64AEFD-D7F2-40DF-8402-D09B6921A295}.Release|Any CPU.Build.0 = Release|Any CPU
	EndGlobalSection
	GlobalSection(SolutionProperties) = preSolution
		HideSolutionNode = FALSE
	EndGlobalSection
	GlobalSection(ExtensibilityGlobals) = postSolution
		SolutionGuid = {49300150-FF95-434D-BD60-578595D7A541}
	EndGlobalSection
EndGlobal
